
Microsoft Visual Studio Solution File, Format Version 12.00
Project("{FAE04EC0-301F-11D3-BF4B-00C04F79EFBC}") = "Polyjuice", "Polyjuice\Polyjuice.csproj", "{DE063C62-8D48-4D3E-9BDB-A003F800E915}"
EndProject
Project("{FAE04EC0-301F-11D3-BF4B-00C04F79EFBC}") = "Polyjuice.Tests", "Polyjuice.Tests\Polyjuice.Tests.csproj", "{21D81A06-9021-4086-B360-2B9387DC3DF8}"
EndProject
Global
	GlobalSection(SolutionConfigurationPlatforms) = preSolution
		Debug|Any CPU = Debug|Any CPU
		Release|Any CPU = Release|Any CPU
	EndGlobalSection
	GlobalSection(ProjectConfigurationPlatforms) = postSolution
		{DE063C62-8D48-4D3E-9BDB-A003F800E915}.Debug|Any CPU.ActiveCfg = Debug|Any CPU
		{DE063C62-8D48-4D3E-9BDB-A003F800E915}.Debug|Any CPU.Build.0 = Debug|Any CPU
		{DE063C62-8D48-4D3E-9BDB-A003F800E915}.Release|Any CPU.ActiveCfg = Release|Any CPU
		{DE063C62-8D48-4D3E-9BDB-A003F800E915}.Release|Any CPU.Build.0 = Release|Any CPU
		{21D81A06-9021-4086-B360-2B9387DC3DF8}.Debug|Any CPU.ActiveCfg = Debug|Any CPU
		{21D81A06-9021-4086-B360-2B9387DC3DF8}.Debug|Any CPU.Build.0 = Debug|Any CPU
		{21D81A06-9021-4086-B360-2B9387DC3DF8}.Release|Any CPU.ActiveCfg = Release|Any CPU
		{21D81A06-9021-4086-B360-2B9387DC3DF8}.Release|Any CPU.Build.0 = Release|Any CPU
	EndGlobalSection
EndGlobal
